
Microsoft Visual Studio Solution File, Format Version 12.00
# Visual Studio 15
VisualStudioVersion = 15.0.27703.2000
MinimumVisualStudioVersion = 10.0.40219.1
Project("{FAE04EC0-301F-11D3-BF4B-00C04F79EFBC}") = "Labsheet5", "Labsheet5\Labsheet5.csproj", "{89BD7DE2-6B00-4BAC-BE98-EF66B0F18292}"
EndProject
Project("{FAE04EC0-301F-11D3-BF4B-00C04F79EFBC}") = "LeagueTable", "LeagueTable\LeagueTable.csproj", "{C8F9C959-8352-4A74-AA71-138D8A0F2949}"
EndProject
Global
	GlobalSection(SolutionConfigurationPlatforms) = preSolution
		Debug|Any CPU = Debug|Any CPU
		Release|Any CPU = Release|Any CPU
	EndGlobalSection
	GlobalSection(ProjectConfigurationPlatforms) = postSolution
		{89BD7DE2-6B00-4BAC-BE98-EF66B0F18292}.Debug|Any CPU.ActiveCfg = Debug|Any CPU
		{89BD7DE2-6B00-4BAC-BE98-EF66B0F18292}.Debug|Any CPU.Build.0 = Debug|Any CPU
		{89BD7DE2-6B00-4BAC-BE98-EF66B0F18292}.Release|Any CPU.ActiveCfg = Release|Any CPU
		{89BD7DE2-6B00-4BAC-BE98-EF66B0F18292}.Release|Any CPU.Build.0 = Release|Any CPU
		{C8F9C959-8352-4A74-AA71-138D8A0F2949}.Debug|Any CPU.ActiveCfg = Debug|Any CPU
		{C8F9C959-8352-4A74-AA71-138D8A0F2949}.Debug|Any CPU.Build.0 = Debug|Any CPU
		{C8F9C959-8352-4A74-AA71-138D8A0F2949}.Release|Any CPU.ActiveCfg = Release|Any CPU
		{C8F9C959-8352-4A74-AA71-138D8A0F2949}.Release|Any CPU.Build.0 = Release|Any CPU
	EndGlobalSection
	GlobalSection(SolutionProperties) = preSolution
		HideSolutionNode = FALSE
	EndGlobalSection
	GlobalSection(ExtensibilityGlobals) = postSolution
		SolutionGuid = {59771C16-0A06-4B6C-A810-666F32A66159}
	EndGlobalSection
EndGlobal
